
Microsoft Visual Studio Solution File, Format Version 12.00
# Visual Studio Version 16
VisualStudioVersion = 16.0.31005.135
MinimumVisualStudioVersion = 10.0.40219.1
Project("{FAE04EC0-301F-11D3-BF4B-00C04F79EFBC}") = "NogMeerOvererving", "NogMeerOvererving\NogMeerOvererving.csproj", "{C81D5E11-FA7C-4C65-A6E3-95ECAA0DB377}"
EndProject
Global
	GlobalSection(SolutionConfigurationPlatforms) = preSolution
		Debug|Any CPU = Debug|Any CPU
		Release|Any CPU = Release|Any CPU
	EndGlobalSection
	GlobalSection(ProjectConfigurationPlatforms) = postSolution
		{C81D5E11-FA7C-4C65-A6E3-95ECAA0DB377}.Debug|Any CPU.ActiveCfg = Debug|Any CPU
		{C81D5E11-FA7C-4C65-A6E3-95ECAA0DB377}.Debug|Any CPU.Build.0 = Debug|Any CPU
		{C81D5E11-FA7C-4C65-A6E3-95ECAA0DB377}.Release|Any CPU.ActiveCfg = Release|Any CPU
		{C81D5E11-FA7C-4C65-A6E3-95ECAA0DB377}.Release|Any CPU.Build.0 = Release|Any CPU
	EndGlobalSection
	GlobalSection(SolutionProperties) = preSolution
		HideSolutionNode = FALSE
	EndGlobalSection
	GlobalSection(ExtensibilityGlobals) = postSolution
		SolutionGuid = {112C3BBF-F481-4227-AD67-009DC16B2ACC}
	EndGlobalSection
EndGlobal
